
Microsoft Visual Studio Solution File, Format Version 12.00
# Visual Studio Version 16
VisualStudioVersion = 16.0.30413.136
MinimumVisualStudioVersion = 10.0.40219.1
Project("{9A19103F-16F7-4668-BE54-9A1E7A4F7556}") = "ChatApp", "ChatApp.csproj", "{6DC048B1-36D6-4540-8DE1-FFF86F07EFFD}"
EndProject
Global
	GlobalSection(SolutionConfigurationPlatforms) = preSolution
		Debug|Any CPU = Debug|Any CPU
		Release|Any CPU = Release|Any CPU
	EndGlobalSection
	GlobalSection(ProjectConfigurationPlatforms) = postSolution
		{6DC048B1-36D6-4540-8DE1-FFF86F07EFFD}.Debug|Any CPU.ActiveCfg = Debug|Any CPU
		{6DC048B1-36D6-4540-8DE1-FFF86F07EFFD}.Debug|Any CPU.Build.0 = Debug|Any CPU
		{6DC048B1-36D6-4540-8DE1-FFF86F07EFFD}.Release|Any CPU.ActiveCfg = Release|Any CPU
		{6DC048B1-36D6-4540-8DE1-FFF86F07EFFD}.Release|Any CPU.Build.0 = Release|Any CPU
	EndGlobalSection
	GlobalSection(SolutionProperties) = preSolution
		HideSolutionNode = FALSE
	EndGlobalSection
	GlobalSection(ExtensibilityGlobals) = postSolution
		SolutionGuid = {64C6E1C3-9743-4201-B0D7-0071703B9A58}
	EndGlobalSection
EndGlobal
